// !$*UTF8*$!
{
	archiveVersion = 1;
	classes = {
	};
	objectVersion = 46;
	objects = {

/* Begin PBXBuildFile section */
		F80D48B11EBAF93B009CDC17 /* AppDelegate.swift in Sources */ = {isa = PBXBuildFile; fileRef = F80D48B01EBAF93B009CDC17 /* AppDelegate.swift */; };
		F80D48B31EBAF93B009CDC17 /* ViewController.swift in Sources */ = {isa = PBXBuildFile; fileRef = F80D48B21EBAF93B009CDC17 /* ViewController.swift */; };
		F80D48B61EBAF93B009CDC17 /* Main.storyboard in Resources */ = {isa = PBXBuildFile; fileRef = F80D48B41EBAF93B009CDC17 /* Main.storyboard */; };
		F80D48B81EBAF93B009CDC17 /* Assets.xcassets in Resources */ = {isa = PBXBuildFile; fileRef = F80D48B71EBAF93B009CDC17 /* Assets.xcassets */; };
		F80D48BB1EBAF93B009CDC17 /* LaunchScreen.storyboard in Resources */ = {isa = PBXBuildFile; fileRef = F80D48B91EBAF93B009CDC17 /* LaunchScreen.storyboard */; };
		F80D48C31EBAFA46009CDC17 /* customTextField.swift in Sources */ = {isa = PBXBuildFile; fileRef = F80D48C21EBAFA46009CDC17 /* customTextField.swift */; };
/* End PBXBuildFile section */

/* Begin PBXFileReference section */
		F80D48AD1EBAF93B009CDC17 /* dashedTextFieldDemo.app */ = {isa = PBXFileReference; explicitFileType = wrapper.application; includeInIndex = 0; path = dashedTextFieldDemo.app; sourceTree = BUILT_PRODUCTS_DIR; };
		F80D48B01EBAF93B009CDC17 /* AppDelegate.swift */ = {isa = PBXFileReference; lastKnownFileType = sourcecode.swift; path = AppDelegate.swift; sourceTree = "<group>"; };
		F80D48B21EBAF93B009CDC17 /* ViewController.swift */ = {isa = PBXFileReference; lastKnownFileType = sourcecode.swift; path = ViewController.swift; sourceTree = "<group>"; };
		F80D48B51EBAF93B009CDC17 /* Base */ = {isa = PBXFileReference; lastKnownFileType = file.storyboard; name = Base; path = Base.lproj/Main.storyboard; sourceTree = "<group>"; };
		F80D48B71EBAF93B009CDC17 /* Assets.xcassets */ = {isa = PBXFileReference; lastKnownFileType = folder.assetcatalog; path = Assets.xcassets; sourceTree = "<group>"; };
		F80D48BA1EBAF93B009CDC17 /* Base */ = {isa = PBXFileReference; lastKnownFileType = file.storyboard; name = Base; path = Base.lproj/LaunchScreen.storyboard; sourceTree = "<group>"; };
		F80D48BC1EBAF93B009CDC17 /* Info.plist */ = {isa = PBXFileReference; lastKnownFileType = text.plist.xml; path = Info.plist; sourceTree = "<group>"; };
		F80D48C21EBAFA46009CDC17 /* customTextField.swift */ = {isa = PBXFileReference; fileEncoding = 4; lastKnownFileType = sourcecode.swift; path = customTextField.swift; sourceTree = "<group>"; };
/* End PBXFileReference section */

/* Begin PBXFrameworksBuildPhase section */
		F80D48AA1EBAF93B009CDC17 /* Frameworks */ = {
			isa = PBXFrameworksBuildPhase;
			buildActionMask = 2147483647;
			files = (
			);
			runOnlyForDeploymentPostprocessing = 0;
		};
/* End PBXFrameworksBuildPhase section */

/* Begin PBXGroup section */
		F80D48A41EBAF93B009CDC17 = {
			isa = PBXGroup;
			children = (
				F80D48AF1EBAF93B009CDC17 /* dashedTextFieldDemo */,
				F80D48AE1EBAF93B009CDC17 /* Products */,
			);
			sourceTree = "<group>";
		};
		F80D48AE1EBAF93B009CDC17 /* Products */ = {
			isa = PBXGroup;
			children = (
				F80D48AD1EBAF93B009CDC17 /* dashedTextFieldDemo.app */,
			);
			name = Products;
			sourceTree = "<group>";
		};
		F80D48AF1EBAF93B009CDC17 /* dashedTextFieldDemo */ = {
			isa = PBXGroup;
			children = (
				F80D48B01EBAF93B009CDC17 /* AppDelegate.swift */,
				F80D48B21EBAF93B009CDC17 /* ViewController.swift */,
				F80D48C21EBAFA46009CDC17 /* customTextField.swift */,
				F80D48B41EBAF93B009CDC17 /* Main.storyboard */,
				F80D48B71EBAF93B009CDC17 /* Assets.xcassets */,
				F80D48B91EBAF93B009CDC17 /* LaunchScreen.storyboard */,
				F80D48BC1EBAF93B009CDC17 /* Info.plist */,
			);
			path = dashedTextFieldDemo;
			sourceTree = "<group>";
		};
/* End PBXGroup section */

/* Begin PBXNativeTarget section */
		F80D48AC1EBAF93B009CDC17 /* dashedTextFieldDemo */ = {
			isa = PBXNativeTarget;
			buildConfigurationList = F80D48BF1EBAF93B009CDC17 /* Build configuration list for PBXNativeTarget "dashedTextFieldDemo" */;
			buildPhases = (
				F80D48A91EBAF93B009CDC17 /* Sources */,
				F80D48AA1EBAF93B009CDC17 /* Frameworks */,
				F80D48AB1EBAF93B009CDC17 /* Resources */,
			);
			buildRules = (
			);
			dependencies = (
			);
			name = dashedTextFieldDemo;
			productName = dashedTextFieldDemo;
			productReference = F80D48AD1EBAF93B009CDC17 /* dashedTextFieldDemo.app */;
			productType = "com.apple.product-type.application";
		};
/* End PBXNativeTarget section */

/* Begin PBXProject section */
		F80D48A51EBAF93B009CDC17 /* Project object */ = {
			isa = PBXProject;
			attributes = {
				LastSwiftUpdateCheck = 0830;
				LastUpgradeCheck = 0830;
				ORGANIZATIONNAME = "Harshal Jadhav";
				TargetAttributes = {
					F80D48AC1EBAF93B009CDC17 = {
						CreatedOnToolsVersion = 8.3.2;
						DevelopmentTeam = 846K7427SH;
						ProvisioningStyle = Automatic;
					};
				};
			};
			buildConfigurationList = F80D48A81EBAF93B009CDC17 /* Build configuration list for PBXProject "dashedTextFieldDemo" */;
			compatibilityVersion = "Xcode 3.2";
			developmentRegion = English;
			hasScannedForEncodings = 0;
			knownRegions = (
				en,
				Base,
			);
			mainGroup = F80D48A41EBAF93B009CDC17;
			productRefGroup = F80D48AE1EBAF93B009CDC17 /* Products */;
			projectDirPath = "";
			projectRoot = "";
			targets = (
				F80D48AC1EBAF93B009CDC17 /* dashedTextFieldDemo */,
			);
		};
/* End PBXProject section */

/* Begin PBXResourcesBuildPhase section */
		F80D48AB1EBAF93B009CDC17 /* Resources */ = {
			isa = PBXResourcesBuildPhase;
			buildActionMask = 2147483647;
			files = (
				F80D48BB1EBAF93B009CDC17 /* LaunchScreen.storyboard in Resources */,
				F80D48B81EBAF93B009CDC17 /* Assets.xcassets in Resources */,
				F80D48B61EBAF93B009CDC17 /* Main.storyboard in Resources */,
			);
			runOnlyForDeploymentPostprocessing = 0;
		};
/* End PBXResourcesBuildPhase section */

/* Begin PBXSourcesBuildPhase section */
		F80D48A91EBAF93B009CDC17 /* Sources */ = {
			isa = PBXSourcesBuildPhase;
			buildActionMask = 2147483647;
			files = (
				F80D48B31EBAF93B009CDC17 /* ViewController.swift in Sources */,
				F80D48B11EBAF93B009CDC17 /* AppDelegate.swift in Sources */,
				F80D48C31EBAFA46009CDC17 /* customTextField.swift in Sources */,
			);
			runOnlyForDeploymentPostprocessing = 0;
		};
/* End PBXSourcesBuildPhase section */

/* Begin PBXVariantGroup section */
		F80D48B41EBAF93B009CDC17 /* Main.storyboard */ = {
			isa = PBXVariantGroup;
			children = (
				F80D48B51EBAF93B009CDC17 /* Base */,
			);
			name = Main.storyboard;
			sourceTree = "<group>";
		};
		F80D48B91EBAF93B009CDC17 /* LaunchScreen.storyboard */ = {
			isa = PBXVariantGroup;
			children = (
				F80D48BA1EBAF93B009CDC17 /* Base */,
			);
			name = LaunchScreen.storyboard;
			sourceTree = "<group>";
		};
/* End PBXVariantGroup section */

/* Begin XCBuildConfiguration section */
		F80D48BD1EBAF93B009CDC17 /* Debug */ = {
			isa = XCBuildConfiguration;
			buildSettings = {
				ALWAYS_SEARCH_USER_PATHS = NO;
				CLANG_ANALYZER_NONNULL = YES;
				CLANG_ANALYZER_NUMBER_OBJECT_CONVERSION = YES_AGGRESSIVE;
				CLANG_CXX_LANGUAGE_STANDARD = "gnu++0x";
				CLANG_CXX_LIBRARY = "libc++";
				CLANG_ENABLE_MODULES = YES;
				CLANG_ENABLE_OBJC_ARC = YES;
				CLANG_WARN_BOOL_CONVERSION = YES;
				CLANG_WARN_CONSTANT_CONVERSION = YES;
				CLANG_WARN_DIRECT_OBJC_ISA_USAGE = YES_ERROR;
				CLANG_WARN_DOCUMENTATION_COMMENTS = YES;
				CLANG_WARN_EMPTY_BODY = YES;
				CLANG_WARN_ENUM_CONVERSION = YES;
				CLANG_WARN_INFINITE_RECURSION = YES;
				CLANG_WARN_INT_CONVERSION = YES;
				CLANG_WARN_OBJC_ROOT_CLASS = YES_ERROR;
				CLANG_WARN_SUSPICIOUS_MOVE = YES;
				CLANG_WARN_UNREACHABLE_CODE = YES;
				CLANG_WARN__DUPLICATE_METHOD_MATCH = YES;
				"CODE_SIGN_IDENTITY[sdk=iphoneos*]" = "iPhone Developer";
				COPY_PHASE_STRIP = NO;
				DEBUG_INFORMATION_FORMAT = dwarf;
				ENABLE_STRICT_OBJC_MSGSEND = YES;
				ENABLE_TESTABILITY = YES;
				GCC_C_LANGUAGE_STANDARD = gnu99;
				GCC_DYNAMIC_NO_PIC = NO;
				GCC_NO_COMMON_BLOCKS = YES;
				GCC_OPTIMIZATION_LEVEL = 0;
				GCC_PREPROCESSOR_DEFINITIONS = (
					"DEBUG=1",
					"$(inherited)",
				);
				GCC_WARN_64_TO_32_BIT_CONVERSION = YES;
				GCC_WARN_ABOUT_RETURN_TYPE = YES_ERROR;
				GCC_WARN_UNDECLARED_SELECTOR = YES;
				GCC_WARN_UNINITIALIZED_AUTOS = YES_AGGRESSIVE;
				GCC_WARN_UNUSED_FUNCTION = YES;
				GCC_WARN_UNUSED_VARIABLE = YES;
				IPHONEOS_DEPLOYMENT_TARGET = 10.3;
				MTL_ENABLE_DEBUG_INFO = YES;
				ONLY_ACTIVE_ARCH = YES;
				SDKROOT = iphoneos;
				SWIFT_ACTIVE_COMPILATION_CONDITIONS = DEBUG;
				SWIFT_OPTIMIZATION_LEVEL = "-Onone";
			};
			name = Debug;
		};
		F80D48BE1EBAF93B009CDC17 /* Release */ = {
			isa = XCBuildConfiguration;
			buildSettings = {
				ALWAYS_SEARCH_USER_PATHS = NO;
				CLANG_ANALYZER_NONNULL = YES;
				CLANG_ANALYZER_NUMBER_OBJECT_CONVERSION = YES_AGGRESSIVE;
				CLANG_CXX_LANGUAGE_STANDARD = "gnu++0x";
				CLANG_CXX_LIBRARY = "libc++";
				CLANG_ENABLE_MODULES = YES;
				CLANG_ENABLE_OBJC_ARC = YES;
				CLANG_WARN_BOOL_CONVERSION = YES;
				CLANG_WARN_CONSTANT_CONVERSION = YES;
				CLANG_WARN_DIRECT_OBJC_ISA_USAGE = YES_ERROR;
				CLANG_WARN_DOCUMENTATION_COMMENTS = YES;
				CLANG_WARN_EMPTY_BODY = YES;
				CLANG_WARN_ENUM_CONVERSION = YES;
				CLANG_WARN_INFINITE_RECURSION = YES;
				CLANG_WARN_INT_CONVERSION = YES;
				CLANG_WARN_OBJC_ROOT_CLASS = YES_ERROR;
				CLANG_WARN_SUSPICIOUS_MOVE = YES;
				CLANG_WARN_UNREACHABLE_CODE = YES;
				CLANG_WARN__DUPLICATE_METHOD_MATCH = YES;
				"CODE_SIGN_IDENTITY[sdk=iphoneos*]" = "iPhone Developer";
				COPY_PHASE_STRIP = NO;
				DEBUG_INFORMATION_FORMAT = "dwarf-with-dsym";
				ENABLE_NS_ASSERTIONS = NO;
				ENABLE_STRICT_OBJC_MSGSEND = YES;
				GCC_C_LANGUAGE_STANDARD = gnu99;
				GCC_NO_COMMON_BLOCKS = YES;
				GCC_WARN_64_TO_32_BIT_CONVERSION = YES;
				GCC_WARN_ABOUT_RETURN_TYPE = YES_ERROR;
				GCC_WARN_UNDECLARED_SELECTOR = YES;
				GCC_WARN_UNINITIALIZED_AUTOS = YES_AGGRESSIVE;
				GCC_WARN_UNUSED_FUNCTION = YES;
				GCC_WARN_UNUSED_VARIABLE = YES;
				IPHONEOS_DEPLOYMENT_TARGET = 10.3;
				MTL_ENABLE_DEBUG_INFO = NO;
				SDKROOT = iphoneos;
				SWIFT_OPTIMIZATION_LEVEL = "-Owholemodule";
				VALIDATE_PRODUCT = YES;
			};
			name = Release;
		};
		F80D48C01EBAF93B009CDC17 /* Debug */ = {
			isa = XCBuildConfiguration;
			buildSettings = {
				ASSETCATALOG_COMPILER_APPICON_NAME = AppIcon;
				DEVELOPMENT_TEAM = 846K7427SH;
				INFOPLIST_FILE = dashedTextFieldDemo/Info.plist;
				LD_RUNPATH_SEARCH_PATHS = "$(inherited) @executable_path/Frameworks";
				PRODUCT_BUNDLE_IDENTIFIER = Centelon.dashedTextFieldDemo;
				PRODUCT_NAME = "$(TARGET_NAME)";
				SWIFT_VERSION = 3.0;
			};
			name = Debug;
		};
		F80D48C11EBAF93B009CDC17 /* Release */ = {
			isa = XCBuildConfiguration;
			buildSettings = {
				ASSETCATALOG_COMPILER_APPICON_NAME = AppIcon;
				DEVELOPMENT_TEAM = 846K7427SH;
				INFOPLIST_FILE = dashedTextFieldDemo/Info.plist;
				LD_RUNPATH_SEARCH_PATHS = "$(inherited) @executable_path/Frameworks";
				PRODUCT_BUNDLE_IDENTIFIER = Centelon.dashedTextFieldDemo;
				PRODUCT_NAME = "$(TARGET_NAME)";
				SWIFT_VERSION = 3.0;
			};
			name = Release;
		};
/* End XCBuildConfiguration section */

/* Begin XCConfigurationList section */
		F80D48A81EBAF93B009CDC17 /* Build configuration list for PBXProject "dashedTextFieldDemo" */ = {
			isa = XCConfigurationList;
			buildConfigurations = (
				F80D48BD1EBAF93B009CDC17 /* Debug */,
				F80D48BE1EBAF93B009CDC17 /* Release */,
			);
			defaultConfigurationIsVisible = 0;
			defaultConfigurationName = Release;
		};
		F80D48BF1EBAF93B009CDC17 /* Build configuration list for PBXNativeTarget "dashedTextFieldDemo" */ = {
			isa = XCConfigurationList;
			buildConfigurations = (
				F80D48C01EBAF93B009CDC17 /* Debug */,
				F80D48C11EBAF93B009CDC17 /* Release */,
			);
			defaultConfigurationIsVisible = 0;
		};
/* End XCConfigurationList section */
	};
	rootObject = F80D48A51EBAF93B009CDC17 /* Project object */;
}
