// !$*UTF8*$!
{
	archiveVersion = 1;
	classes = {
	};
	objectVersion = 46;
	objects = {

/* Begin PBXBuildFile section */
		F80EA8E51EB99B93001C96CC /* AppDelegate.swift in Sources */ = {isa = PBXBuildFile; fileRef = F80EA8E41EB99B93001C96CC /* AppDelegate.swift */; };
		F80EA8E71EB99B93001C96CC /* ViewController.swift in Sources */ = {isa = PBXBuildFile; fileRef = F80EA8E61EB99B93001C96CC /* ViewController.swift */; };
		F80EA8EA1EB99B93001C96CC /* Main.storyboard in Resources */ = {isa = PBXBuildFile; fileRef = F80EA8E81EB99B93001C96CC /* Main.storyboard */; };
		F80EA8EC1EB99B93001C96CC /* Assets.xcassets in Resources */ = {isa = PBXBuildFile; fileRef = F80EA8EB1EB99B93001C96CC /* Assets.xcassets */; };
		F80EA8EF1EB99B93001C96CC /* LaunchScreen.storyboard in Resources */ = {isa = PBXBuildFile; fileRef = F80EA8ED1EB99B93001C96CC /* LaunchScreen.storyboard */; };
		F80EA8F71EB99CBC001C96CC /* demoTableViewCell.swift in Sources */ = {isa = PBXBuildFile; fileRef = F80EA8F61EB99CBC001C96CC /* demoTableViewCell.swift */; };
/* End PBXBuildFile section */

/* Begin PBXFileReference section */
		F80EA8E11EB99B93001C96CC /* demoTableview.app */ = {isa = PBXFileReference; explicitFileType = wrapper.application; includeInIndex = 0; path = demoTableview.app; sourceTree = BUILT_PRODUCTS_DIR; };
		F80EA8E41EB99B93001C96CC /* AppDelegate.swift */ = {isa = PBXFileReference; lastKnownFileType = sourcecode.swift; path = AppDelegate.swift; sourceTree = "<group>"; };
		F80EA8E61EB99B93001C96CC /* ViewController.swift */ = {isa = PBXFileReference; lastKnownFileType = sourcecode.swift; path = ViewController.swift; sourceTree = "<group>"; };
		F80EA8E91EB99B93001C96CC /* Base */ = {isa = PBXFileReference; lastKnownFileType = file.storyboard; name = Base; path = Base.lproj/Main.storyboard; sourceTree = "<group>"; };
		F80EA8EB1EB99B93001C96CC /* Assets.xcassets */ = {isa = PBXFileReference; lastKnownFileType = folder.assetcatalog; path = Assets.xcassets; sourceTree = "<group>"; };
		F80EA8EE1EB99B93001C96CC /* Base */ = {isa = PBXFileReference; lastKnownFileType = file.storyboard; name = Base; path = Base.lproj/LaunchScreen.storyboard; sourceTree = "<group>"; };
		F80EA8F01EB99B93001C96CC /* Info.plist */ = {isa = PBXFileReference; lastKnownFileType = text.plist.xml; path = Info.plist; sourceTree = "<group>"; };
		F80EA8F61EB99CBC001C96CC /* demoTableViewCell.swift */ = {isa = PBXFileReference; fileEncoding = 4; lastKnownFileType = sourcecode.swift; path = demoTableViewCell.swift; sourceTree = "<group>"; };
/* End PBXFileReference section */

/* Begin PBXFrameworksBuildPhase section */
		F80EA8DE1EB99B93001C96CC /* Frameworks */ = {
			isa = PBXFrameworksBuildPhase;
			buildActionMask = 2147483647;
			files = (
			);
			runOnlyForDeploymentPostprocessing = 0;
		};
/* End PBXFrameworksBuildPhase section */

/* Begin PBXGroup section */
		F80EA8D81EB99B93001C96CC = {
			isa = PBXGroup;
			children = (
				F80EA8E31EB99B93001C96CC /* demoTableview */,
				F80EA8E21EB99B93001C96CC /* Products */,
			);
			sourceTree = "<group>";
		};
		F80EA8E21EB99B93001C96CC /* Products */ = {
			isa = PBXGroup;
			children = (
				F80EA8E11EB99B93001C96CC /* demoTableview.app */,
			);
			name = Products;
			sourceTree = "<group>";
		};
		F80EA8E31EB99B93001C96CC /* demoTableview */ = {
			isa = PBXGroup;
			children = (
				F80EA8E41EB99B93001C96CC /* AppDelegate.swift */,
				F80EA8E61EB99B93001C96CC /* ViewController.swift */,
				F80EA8E81EB99B93001C96CC /* Main.storyboard */,
				F80EA8EB1EB99B93001C96CC /* Assets.xcassets */,
				F80EA8ED1EB99B93001C96CC /* LaunchScreen.storyboard */,
				F80EA8F01EB99B93001C96CC /* Info.plist */,
				F80EA8F61EB99CBC001C96CC /* demoTableViewCell.swift */,
			);
			path = demoTableview;
			sourceTree = "<group>";
		};
/* End PBXGroup section */

/* Begin PBXNativeTarget section */
		F80EA8E01EB99B93001C96CC /* demoTableview */ = {
			isa = PBXNativeTarget;
			buildConfigurationList = F80EA8F31EB99B93001C96CC /* Build configuration list for PBXNativeTarget "demoTableview" */;
			buildPhases = (
				F80EA8DD1EB99B93001C96CC /* Sources */,
				F80EA8DE1EB99B93001C96CC /* Frameworks */,
				F80EA8DF1EB99B93001C96CC /* Resources */,
			);
			buildRules = (
			);
			dependencies = (
			);
			name = demoTableview;
			productName = demoTableview;
			productReference = F80EA8E11EB99B93001C96CC /* demoTableview.app */;
			productType = "com.apple.product-type.application";
		};
/* End PBXNativeTarget section */

/* Begin PBXProject section */
		F80EA8D91EB99B93001C96CC /* Project object */ = {
			isa = PBXProject;
			attributes = {
				LastSwiftUpdateCheck = 0830;
				LastUpgradeCheck = 0830;
				ORGANIZATIONNAME = "Harshal Jadhav";
				TargetAttributes = {
					F80EA8E01EB99B93001C96CC = {
						CreatedOnToolsVersion = 8.3.2;
						DevelopmentTeam = 846K7427SH;
						ProvisioningStyle = Automatic;
					};
				};
			};
			buildConfigurationList = F80EA8DC1EB99B93001C96CC /* Build configuration list for PBXProject "demoTableview" */;
			compatibilityVersion = "Xcode 3.2";
			developmentRegion = English;
			hasScannedForEncodings = 0;
			knownRegions = (
				en,
				Base,
			);
			mainGroup = F80EA8D81EB99B93001C96CC;
			productRefGroup = F80EA8E21EB99B93001C96CC /* Products */;
			projectDirPath = "";
			projectRoot = "";
			targets = (
				F80EA8E01EB99B93001C96CC /* demoTableview */,
			);
		};
/* End PBXProject section */

/* Begin PBXResourcesBuildPhase section */
		F80EA8DF1EB99B93001C96CC /* Resources */ = {
			isa = PBXResourcesBuildPhase;
			buildActionMask = 2147483647;
			files = (
				F80EA8EF1EB99B93001C96CC /* LaunchScreen.storyboard in Resources */,
				F80EA8EC1EB99B93001C96CC /* Assets.xcassets in Resources */,
				F80EA8EA1EB99B93001C96CC /* Main.storyboard in Resources */,
			);
			runOnlyForDeploymentPostprocessing = 0;
		};
/* End PBXResourcesBuildPhase section */

/* Begin PBXSourcesBuildPhase section */
		F80EA8DD1EB99B93001C96CC /* Sources */ = {
			isa = PBXSourcesBuildPhase;
			buildActionMask = 2147483647;
			files = (
				F80EA8E71EB99B93001C96CC /* ViewController.swift in Sources */,
				F80EA8E51EB99B93001C96CC /* AppDelegate.swift in Sources */,
				F80EA8F71EB99CBC001C96CC /* demoTableViewCell.swift in Sources */,
			);
			runOnlyForDeploymentPostprocessing = 0;
		};
/* End PBXSourcesBuildPhase section */

/* Begin PBXVariantGroup section */
		F80EA8E81EB99B93001C96CC /* Main.storyboard */ = {
			isa = PBXVariantGroup;
			children = (
				F80EA8E91EB99B93001C96CC /* Base */,
			);
			name = Main.storyboard;
			sourceTree = "<group>";
		};
		F80EA8ED1EB99B93001C96CC /* LaunchScreen.storyboard */ = {
			isa = PBXVariantGroup;
			children = (
				F80EA8EE1EB99B93001C96CC /* Base */,
			);
			name = LaunchScreen.storyboard;
			sourceTree = "<group>";
		};
/* End PBXVariantGroup section */

/* Begin XCBuildConfiguration section */
		F80EA8F11EB99B93001C96CC /* Debug */ = {
			isa = XCBuildConfiguration;
			buildSettings = {
				ALWAYS_SEARCH_USER_PATHS = NO;
				CLANG_ANALYZER_NONNULL = YES;
				CLANG_ANALYZER_NUMBER_OBJECT_CONVERSION = YES_AGGRESSIVE;
				CLANG_CXX_LANGUAGE_STANDARD = "gnu++0x";
				CLANG_CXX_LIBRARY = "libc++";
				CLANG_ENABLE_MODULES = YES;
				CLANG_ENABLE_OBJC_ARC = YES;
				CLANG_WARN_BOOL_CONVERSION = YES;
				CLANG_WARN_CONSTANT_CONVERSION = YES;
				CLANG_WARN_DIRECT_OBJC_ISA_USAGE = YES_ERROR;
				CLANG_WARN_DOCUMENTATION_COMMENTS = YES;
				CLANG_WARN_EMPTY_BODY = YES;
				CLANG_WARN_ENUM_CONVERSION = YES;
				CLANG_WARN_INFINITE_RECURSION = YES;
				CLANG_WARN_INT_CONVERSION = YES;
				CLANG_WARN_OBJC_ROOT_CLASS = YES_ERROR;
				CLANG_WARN_SUSPICIOUS_MOVE = YES;
				CLANG_WARN_UNREACHABLE_CODE = YES;
				CLANG_WARN__DUPLICATE_METHOD_MATCH = YES;
				"CODE_SIGN_IDENTITY[sdk=iphoneos*]" = "iPhone Developer";
				COPY_PHASE_STRIP = NO;
				DEBUG_INFORMATION_FORMAT = dwarf;
				ENABLE_STRICT_OBJC_MSGSEND = YES;
				ENABLE_TESTABILITY = YES;
				GCC_C_LANGUAGE_STANDARD = gnu99;
				GCC_DYNAMIC_NO_PIC = NO;
				GCC_NO_COMMON_BLOCKS = YES;
				GCC_OPTIMIZATION_LEVEL = 0;
				GCC_PREPROCESSOR_DEFINITIONS = (
					"DEBUG=1",
					"$(inherited)",
				);
				GCC_WARN_64_TO_32_BIT_CONVERSION = YES;
				GCC_WARN_ABOUT_RETURN_TYPE = YES_ERROR;
				GCC_WARN_UNDECLARED_SELECTOR = YES;
				GCC_WARN_UNINITIALIZED_AUTOS = YES_AGGRESSIVE;
				GCC_WARN_UNUSED_FUNCTION = YES;
				GCC_WARN_UNUSED_VARIABLE = YES;
				IPHONEOS_DEPLOYMENT_TARGET = 10.3;
				MTL_ENABLE_DEBUG_INFO = YES;
				ONLY_ACTIVE_ARCH = YES;
				SDKROOT = iphoneos;
				SWIFT_ACTIVE_COMPILATION_CONDITIONS = DEBUG;
				SWIFT_OPTIMIZATION_LEVEL = "-Onone";
			};
			name = Debug;
		};
		F80EA8F21EB99B93001C96CC /* Release */ = {
			isa = XCBuildConfiguration;
			buildSettings = {
				ALWAYS_SEARCH_USER_PATHS = NO;
				CLANG_ANALYZER_NONNULL = YES;
				CLANG_ANALYZER_NUMBER_OBJECT_CONVERSION = YES_AGGRESSIVE;
				CLANG_CXX_LANGUAGE_STANDARD = "gnu++0x";
				CLANG_CXX_LIBRARY = "libc++";
				CLANG_ENABLE_MODULES = YES;
				CLANG_ENABLE_OBJC_ARC = YES;
				CLANG_WARN_BOOL_CONVERSION = YES;
				CLANG_WARN_CONSTANT_CONVERSION = YES;
				CLANG_WARN_DIRECT_OBJC_ISA_USAGE = YES_ERROR;
				CLANG_WARN_DOCUMENTATION_COMMENTS = YES;
				CLANG_WARN_EMPTY_BODY = YES;
				CLANG_WARN_ENUM_CONVERSION = YES;
				CLANG_WARN_INFINITE_RECURSION = YES;
				CLANG_WARN_INT_CONVERSION = YES;
				CLANG_WARN_OBJC_ROOT_CLASS = YES_ERROR;
				CLANG_WARN_SUSPICIOUS_MOVE = YES;
				CLANG_WARN_UNREACHABLE_CODE = YES;
				CLANG_WARN__DUPLICATE_METHOD_MATCH = YES;
				"CODE_SIGN_IDENTITY[sdk=iphoneos*]" = "iPhone Developer";
				COPY_PHASE_STRIP = NO;
				DEBUG_INFORMATION_FORMAT = "dwarf-with-dsym";
				ENABLE_NS_ASSERTIONS = NO;
				ENABLE_STRICT_OBJC_MSGSEND = YES;
				GCC_C_LANGUAGE_STANDARD = gnu99;
				GCC_NO_COMMON_BLOCKS = YES;
				GCC_WARN_64_TO_32_BIT_CONVERSION = YES;
				GCC_WARN_ABOUT_RETURN_TYPE = YES_ERROR;
				GCC_WARN_UNDECLARED_SELECTOR = YES;
				GCC_WARN_UNINITIALIZED_AUTOS = YES_AGGRESSIVE;
				GCC_WARN_UNUSED_FUNCTION = YES;
				GCC_WARN_UNUSED_VARIABLE = YES;
				IPHONEOS_DEPLOYMENT_TARGET = 10.3;
				MTL_ENABLE_DEBUG_INFO = NO;
				SDKROOT = iphoneos;
				SWIFT_OPTIMIZATION_LEVEL = "-Owholemodule";
				VALIDATE_PRODUCT = YES;
			};
			name = Release;
		};
		F80EA8F41EB99B93001C96CC /* Debug */ = {
			isa = XCBuildConfiguration;
			buildSettings = {
				ASSETCATALOG_COMPILER_APPICON_NAME = AppIcon;
				DEVELOPMENT_TEAM = 846K7427SH;
				INFOPLIST_FILE = demoTableview/Info.plist;
				LD_RUNPATH_SEARCH_PATHS = "$(inherited) @executable_path/Frameworks";
				PRODUCT_BUNDLE_IDENTIFIER = Centelon.demoTableview;
				PRODUCT_NAME = "$(TARGET_NAME)";
				SWIFT_VERSION = 3.0;
			};
			name = Debug;
		};
		F80EA8F51EB99B93001C96CC /* Release */ = {
			isa = XCBuildConfiguration;
			buildSettings = {
				ASSETCATALOG_COMPILER_APPICON_NAME = AppIcon;
				DEVELOPMENT_TEAM = 846K7427SH;
				INFOPLIST_FILE = demoTableview/Info.plist;
				LD_RUNPATH_SEARCH_PATHS = "$(inherited) @executable_path/Frameworks";
				PRODUCT_BUNDLE_IDENTIFIER = Centelon.demoTableview;
				PRODUCT_NAME = "$(TARGET_NAME)";
				SWIFT_VERSION = 3.0;
			};
			name = Release;
		};
/* End XCBuildConfiguration section */

/* Begin XCConfigurationList section */
		F80EA8DC1EB99B93001C96CC /* Build configuration list for PBXProject "demoTableview" */ = {
			isa = XCConfigurationList;
			buildConfigurations = (
				F80EA8F11EB99B93001C96CC /* Debug */,
				F80EA8F21EB99B93001C96CC /* Release */,
			);
			defaultConfigurationIsVisible = 0;
			defaultConfigurationName = Release;
		};
		F80EA8F31EB99B93001C96CC /* Build configuration list for PBXNativeTarget "demoTableview" */ = {
			isa = XCConfigurationList;
			buildConfigurations = (
				F80EA8F41EB99B93001C96CC /* Debug */,
				F80EA8F51EB99B93001C96CC /* Release */,
			);
			defaultConfigurationIsVisible = 0;
		};
/* End XCConfigurationList section */
	};
	rootObject = F80EA8D91EB99B93001C96CC /* Project object */;
}
